<?xml version="1.0" encoding="utf-8"?>
<Project ToolsVersion="4.0" xmlns="http://schemas.microsoft.com/developer/msbuild/2003">
  <ItemGroup>
    <Filter Include="Source Files">
      <UniqueIdentifier>{4FC737F1-C7A5-4376-A066-2A32D752A2FF}</UniqueIdentifier>
      <Extensions>cpp;c;cc;cxx;def;odl;idl;hpj;bat;asm;asmx</Extensions>
    </Filter>
    <Filter Include="Header Files">
      <UniqueIdentifier>{93995380-89BD-4b04-88EB-625FBE52EBFB}</UniqueIdentifier>
      <Extensions>h;hh;hpp;hxx;hm;inl;inc;xsd</Extensions>
    </Filter>
    <Filter Include="Resource Files">
      <UniqueIdentifier>{67DA6AB6-F800-4c08-8B7A-83BB121AAD01}</UniqueIdentifier>
      <Extensions>rc;ico;cur;bmp;dlg;rc2;rct;bin;rgs;gif;jpg;jpeg;jpe;resx;tiff;tif;png;wav;mfcribbon-ms</Extensions>
    </Filter>
  </ItemGroup>
  <ItemGroup>
    <ClInclude Include="wtl.h">
      <Filter>Header Files</Filter>
    </ClInclude>
    <ClInclude Include="resource.h">
      <Filter>Header Files</Filter>
    </ClInclude>
    <ClInclude Include="window.h">
      <Filter>Header Files</Filter>
    </ClInclude>
    <ClInclude Include="formview.h">
      <Filter>Header Files</Filter>
    </ClInclude>
    <ClInclude Include="app_list.h">
      <Filter>Header Files</Filter>
    </ClInclude>
    <ClInclude Include="policy_config.h">
      <Filter>Header Files</Filter>
    </ClInclude>
    <ClInclude Include="app_inject.h">
      <Filter>Header Files</Filter>
    </ClInclude>
    <ClInclude Include="util.h">
      <Filter>Header Files</Filter>
    </ClInclude>
    <ClInclude Include="telemetry.h">
      <Filter>Header Files</Filter>
    </ClInclude>
    <ClInclude Include="dialog_main.h">
      <Filter>Header Files</Filter>
    </ClInclude>
    <ClInclude Include="dialog_control.h">
      <Filter>Header Files</Filter>
    </ClInclude>
    <ClInclude Include="dialog_array.h">
      <Filter>Header Files</Filter>
    </ClInclude>
    <ClInclude Include="ScrollHelper.h">
      <Filter>Header Files</Filter>
    </ClInclude>
    <ClInclude Include="DialogMessageHook.h">
      <Filter>Header Files</Filter>
    </ClInclude>
    <ClInclude Include="routing_params.h">
      <Filter>Header Files</Filter>
    </ClInclude>
    <ClInclude Include="delegation.h">
      <Filter>Header Files</Filter>
    </ClInclude>
    <ClInclude Include="bootstrapper.h">
      <Filter>Header Files</Filter>
    </ClInclude>
    <ClInclude Include="clsSysTray.h">
      <Filter>Header Files</Filter>
    </ClInclude>
  </ItemGroup>
  <ItemGroup>
    <ResourceCompile Include="audio-router-gui.rc">
      <Filter>Resource Files</Filter>
    </ResourceCompile>
  </ItemGroup>
  <ItemGroup>
    <ClCompile Include="main.cpp">
      <Filter>Source Files</Filter>
    </ClCompile>
    <ClCompile Include="formview.cpp">
      <Filter>Source Files</Filter>
    </ClCompile>
    <ClCompile Include="window.cpp">
      <Filter>Source Files</Filter>
    </ClCompile>
    <ClCompile Include="app_list.cpp">
      <Filter>Source Files</Filter>
    </ClCompile>
    <ClCompile Include="policy_config.cpp">
      <Filter>Source Files</Filter>
    </ClCompile>
    <ClCompile Include="app_inject.cpp">
      <Filter>Source Files</Filter>
    </ClCompile>
    <ClCompile Include="util.cpp">
      <Filter>Source Files</Filter>
    </ClCompile>
    <ClCompile Include="telemetry.cpp">
      <Filter>Source Files</Filter>
    </ClCompile>
    <ClCompile Include="dialog_main.cpp">
      <Filter>Source Files</Filter>
    </ClCompile>
    <ClCompile Include="dialog_control.cpp">
      <Filter>Source Files</Filter>
    </ClCompile>
    <ClCompile Include="dialog_array.cpp">
      <Filter>Source Files</Filter>
    </ClCompile>
    <ClCompile Include="ScrollHelper.cpp">
      <Filter>Source Files</Filter>
    </ClCompile>
    <ClCompile Include="DialogMessageHook.cpp">
      <Filter>Source Files</Filter>
    </ClCompile>
    <ClCompile Include="routing_params.cpp">
      <Filter>Source Files</Filter>
    </ClCompile>
    <ClCompile Include="delegation.cpp">
      <Filter>Source Files</Filter>
    </ClCompile>
    <ClCompile Include="bootstrapper.cpp">
      <Filter>Source Files</Filter>
    </ClCompile>
    <ClCompile Include="clsSysTray.cpp">
      <Filter>Source Files</Filter>
    </ClCompile>
  </ItemGroup>
  <ItemGroup>
    <Image Include="icon1.ico">
      <Filter>Resource Files</Filter>
    </Image>
  </ItemGroup>
</Project>